
Microsoft Visual Studio Solution File, Format Version 12.00
# Visual Studio Version 16
VisualStudioVersion = 16.0.31112.23
MinimumVisualStudioVersion = 10.0.40219.1
Project("{9A19103F-16F7-4668-BE54-9A1E7A4F7556}") = "SchoolManagementSystem", "SchoolManagementSystem\SchoolManagementSystem.csproj", "{F6439877-6D14-4AC6-B897-CB1595936D2F}"
EndProject
Global
	GlobalSection(SolutionConfigurationPlatforms) = preSolution
		Debug|Any CPU = Debug|Any CPU
		Release|Any CPU = Release|Any CPU
	EndGlobalSection
	GlobalSection(ProjectConfigurationPlatforms) = postSolution
		{F6439877-6D14-4AC6-B897-CB1595936D2F}.Debug|Any CPU.ActiveCfg = Debug|Any CPU
		{F6439877-6D14-4AC6-B897-CB1595936D2F}.Debug|Any CPU.Build.0 = Debug|Any CPU
		{F6439877-6D14-4AC6-B897-CB1595936D2F}.Release|Any CPU.ActiveCfg = Release|Any CPU
		{F6439877-6D14-4AC6-B897-CB1595936D2F}.Release|Any CPU.Build.0 = Release|Any CPU
	EndGlobalSection
	GlobalSection(SolutionProperties) = preSolution
		HideSolutionNode = FALSE
	EndGlobalSection
	GlobalSection(ExtensibilityGlobals) = postSolution
		SolutionGuid = {A3B66B30-411B-4970-AE88-5A86C7C8DFBB}
	EndGlobalSection
EndGlobal
