
Microsoft Visual Studio Solution File, Format Version 12.00
# Visual Studio Version 17
VisualStudioVersion = 17.0.32014.148
MinimumVisualStudioVersion = 10.0.40219.1
Project("{9A19103F-16F7-4668-BE54-9A1E7A4F7556}") = "SMS.App", "SMS.App\SMS.App.csproj", "{F6439877-6D14-4AC6-B897-CB1595936D2F}"
	ProjectSection(ProjectDependencies) = postProject
		{6B958658-2D28-42CD-9701-20E00202C1E3} = {6B958658-2D28-42CD-9701-20E00202C1E3}
	EndProjectSection
EndProject
Project("{9A19103F-16F7-4668-BE54-9A1E7A4F7556}") = "SMS.Entities", "SMS.Entities\SMS.Entities.csproj", "{DF3572FF-36AF-4E48-A212-FF2DA7CB282E}"
EndProject
Project("{9A19103F-16F7-4668-BE54-9A1E7A4F7556}") = "SMS.DB", "SMS.DB\SMS.DB.csproj", "{5F1E96C6-20D1-4937-A9A9-2D7DF7C8CA1C}"
EndProject
Project("{9A19103F-16F7-4668-BE54-9A1E7A4F7556}") = "SMS.DAL", "SMS.DAL\SMS.DAL.csproj", "{6B958658-2D28-42CD-9701-20E00202C1E3}"
EndProject
Project("{9A19103F-16F7-4668-BE54-9A1E7A4F7556}") = "SMS.BLL", "SMS.BLL\SMS.BLL.csproj", "{369A13F5-179F-4C8E-9F2E-44EA717B21EE}"
EndProject
Project("{FAE04EC0-301F-11D3-BF4B-00C04F79EFBC}") = "SMS.Report", "SMS.Report\SMS.Report.csproj", "{41D19400-5EDC-47F1-B4A2-C44CD86E6245}"
EndProject
Global
	GlobalSection(SolutionConfigurationPlatforms) = preSolution
		Debug|Any CPU = Debug|Any CPU
		DebugLocal|Any CPU = DebugLocal|Any CPU
		Release|Any CPU = Release|Any CPU
	EndGlobalSection
	GlobalSection(ProjectConfigurationPlatforms) = postSolution
		{F6439877-6D14-4AC6-B897-CB1595936D2F}.Debug|Any CPU.ActiveCfg = Debug|Any CPU
		{F6439877-6D14-4AC6-B897-CB1595936D2F}.Debug|Any CPU.Build.0 = Debug|Any CPU
		{F6439877-6D14-4AC6-B897-CB1595936D2F}.DebugLocal|Any CPU.ActiveCfg = Debug|Any CPU
		{F6439877-6D14-4AC6-B897-CB1595936D2F}.DebugLocal|Any CPU.Build.0 = Debug|Any CPU
		{F6439877-6D14-4AC6-B897-CB1595936D2F}.Release|Any CPU.ActiveCfg = Release|Any CPU
		{F6439877-6D14-4AC6-B897-CB1595936D2F}.Release|Any CPU.Build.0 = Release|Any CPU
		{DF3572FF-36AF-4E48-A212-FF2DA7CB282E}.Debug|Any CPU.ActiveCfg = Debug|Any CPU
		{DF3572FF-36AF-4E48-A212-FF2DA7CB282E}.Debug|Any CPU.Build.0 = Debug|Any CPU
		{DF3572FF-36AF-4E48-A212-FF2DA7CB282E}.DebugLocal|Any CPU.ActiveCfg = Debug|Any CPU
		{DF3572FF-36AF-4E48-A212-FF2DA7CB282E}.DebugLocal|Any CPU.Build.0 = Debug|Any CPU
		{DF3572FF-36AF-4E48-A212-FF2DA7CB282E}.Release|Any CPU.ActiveCfg = Release|Any CPU
		{DF3572FF-36AF-4E48-A212-FF2DA7CB282E}.Release|Any CPU.Build.0 = Release|Any CPU
		{5F1E96C6-20D1-4937-A9A9-2D7DF7C8CA1C}.Debug|Any CPU.ActiveCfg = Debug|Any CPU
		{5F1E96C6-20D1-4937-A9A9-2D7DF7C8CA1C}.Debug|Any CPU.Build.0 = Debug|Any CPU
		{5F1E96C6-20D1-4937-A9A9-2D7DF7C8CA1C}.DebugLocal|Any CPU.ActiveCfg = Debug|Any CPU
		{5F1E96C6-20D1-4937-A9A9-2D7DF7C8CA1C}.DebugLocal|Any CPU.Build.0 = Debug|Any CPU
		{5F1E96C6-20D1-4937-A9A9-2D7DF7C8CA1C}.Release|Any CPU.ActiveCfg = Release|Any CPU
		{5F1E96C6-20D1-4937-A9A9-2D7DF7C8CA1C}.Release|Any CPU.Build.0 = Release|Any CPU
		{6B958658-2D28-42CD-9701-20E00202C1E3}.Debug|Any CPU.ActiveCfg = Debug|Any CPU
		{6B958658-2D28-42CD-9701-20E00202C1E3}.Debug|Any CPU.Build.0 = Debug|Any CPU
		{6B958658-2D28-42CD-9701-20E00202C1E3}.DebugLocal|Any CPU.ActiveCfg = Debug|Any CPU
		{6B958658-2D28-42CD-9701-20E00202C1E3}.DebugLocal|Any CPU.Build.0 = Debug|Any CPU
		{6B958658-2D28-42CD-9701-20E00202C1E3}.Release|Any CPU.ActiveCfg = Release|Any CPU
		{6B958658-2D28-42CD-9701-20E00202C1E3}.Release|Any CPU.Build.0 = Release|Any CPU
		{369A13F5-179F-4C8E-9F2E-44EA717B21EE}.Debug|Any CPU.ActiveCfg = Debug|Any CPU
		{369A13F5-179F-4C8E-9F2E-44EA717B21EE}.Debug|Any CPU.Build.0 = Debug|Any CPU
		{369A13F5-179F-4C8E-9F2E-44EA717B21EE}.DebugLocal|Any CPU.ActiveCfg = Debug|Any CPU
		{369A13F5-179F-4C8E-9F2E-44EA717B21EE}.DebugLocal|Any CPU.Build.0 = Debug|Any CPU
		{369A13F5-179F-4C8E-9F2E-44EA717B21EE}.Release|Any CPU.ActiveCfg = Release|Any CPU
		{369A13F5-179F-4C8E-9F2E-44EA717B21EE}.Release|Any CPU.Build.0 = Release|Any CPU
		{41D19400-5EDC-47F1-B4A2-C44CD86E6245}.Debug|Any CPU.ActiveCfg = Debug|Any CPU
		{41D19400-5EDC-47F1-B4A2-C44CD86E6245}.Debug|Any CPU.Build.0 = Debug|Any CPU
		{41D19400-5EDC-47F1-B4A2-C44CD86E6245}.DebugLocal|Any CPU.ActiveCfg = Debug|Any CPU
		{41D19400-5EDC-47F1-B4A2-C44CD86E6245}.DebugLocal|Any CPU.Build.0 = Debug|Any CPU
		{41D19400-5EDC-47F1-B4A2-C44CD86E6245}.Release|Any CPU.ActiveCfg = Release|Any CPU
		{41D19400-5EDC-47F1-B4A2-C44CD86E6245}.Release|Any CPU.Build.0 = Release|Any CPU
	EndGlobalSection
	GlobalSection(SolutionProperties) = preSolution
		HideSolutionNode = FALSE
	EndGlobalSection
	GlobalSection(ExtensibilityGlobals) = postSolution
		SolutionGuid = {A3B66B30-411B-4970-AE88-5A86C7C8DFBB}
	EndGlobalSection
EndGlobal
